# THIS IS AN AUTOGENERATED FILE. DO NOT EDIT THIS FILE DIRECTLY.
# yarn lockfile v1


"@babel/parser@^7.16.4":
  version "7.17.10"
  resolved "https://repo.huaweicloud.com/repository/npm/@babel/parser/-/parser-7.17.10.tgz"
  integrity sha512-n2Q6i+fnJqzOaq2VkdXxy2TCPCWQZHiCo0XqmrCvDWcZQKRyZzYi4Z0yxlBuN0w+r2ZHmre+Q087DSrw3pbJDQ==

"@highlightjs/vue-plugin@^2.1.0":
  version "2.1.0"
  resolved "https://repo.huaweicloud.com/repository/npm/@highlightjs/vue-plugin/-/vue-plugin-2.1.0.tgz#b7c41e3597a46975665b10cad57882cbde1d1594"
  integrity sha512-E+bmk4ncca+hBEYRV2a+1aIzIV0VSY/e5ArjpuSN9IO7wBJrzUE2u4ESCwrbQD7sAy+jWQjkV5qCCWgc+pu7CQ==

"@types/node@^16.11.33":
  version "16.11.33"
  resolved "https://repo.huaweicloud.com/repository/npm/@types/node/-/node-16.11.33.tgz#566713b1b626f781c5c58fe3531307283e00720c"
  integrity sha512-0PJ0vg+JyU0MIan58IOIFRtSvsb7Ri+7Wltx2qAg94eMOrpg4+uuP3aUHCpxXc1i0jCXiC+zIamSZh3l9AbcQA==

"@vitejs/plugin-vue@^2.3.1":
  version "2.3.2"
  resolved "https://repo.huaweicloud.com/repository/npm/@vitejs/plugin-vue/-/plugin-vue-2.3.2.tgz"
  integrity sha512-umyypfSHS4kQLdYAnJHhaASq7FRzNCdvcRoQ3uYGNk1/M4a+hXUd7ysN7BLhCrWH6uBokyCkFeUAaFDzSaaSrQ==

"@volar/code-gen@0.34.11":
  version "0.34.11"
  resolved "https://repo.huaweicloud.com/repository/npm/@volar/code-gen/-/code-gen-0.34.11.tgz"
  integrity sha512-A4w+y+zP8qCDFyZ0KIm2oydRerp14a+IAYXro9wLt0LLvvqUGHEu/6y87uAj6TDqiX4OL/W8r1cEdhOJqFrBlA==
  dependencies:
    "@volar/source-map" "0.34.11"

"@volar/source-map@0.34.11":
  version "0.34.11"
  resolved "https://repo.huaweicloud.com/repository/npm/@volar/source-map/-/source-map-0.34.11.tgz"
  integrity sha512-ZsNZqFPUDDL1y6hK0ok7EriFb3CnCeapTLQrziTAbi3yOhcE4yM4G59XtRzc1i9EB+RXscm9a6Q6TgzD5KvoeA==

"@volar/vue-code-gen@0.34.11":
  version "0.34.11"
  resolved "https://repo.huaweicloud.com/repository/npm/@volar/vue-code-gen/-/vue-code-gen-0.34.11.tgz"
  integrity sha512-r/tnLd1eyy/PI0fBUYU7hKXkCyHb0JqBidTiADrazzkYMraRcwL6JNLOj/D7Pk75W0ObzlMUfHJdrAuxKvAHRg==
  dependencies:
    "@volar/code-gen" "0.34.11"
    "@volar/source-map" "0.34.11"
    "@vue/compiler-core" "^3.2.31"
    "@vue/compiler-dom" "^3.2.31"
    "@vue/shared" "^3.2.31"

"@volar/vue-typescript@0.34.11":
  version "0.34.11"
  resolved "https://repo.huaweicloud.com/repository/npm/@volar/vue-typescript/-/vue-typescript-0.34.11.tgz"
  integrity sha512-pZkIeCPIjRRc/Oj9uxyOk6UvE43ecD71B/CSbmtiMU9sqrSwpP8cdDr/B/cqm1jwebkChTaa1gLodNHS8BOLuw==
  dependencies:
    "@volar/code-gen" "0.34.11"
    "@volar/source-map" "0.34.11"
    "@volar/vue-code-gen" "0.34.11"
    "@vue/compiler-sfc" "^3.2.31"
    "@vue/reactivity" "^3.2.31"

"@vue/compiler-core@3.2.33", "@vue/compiler-core@^3.2.31":
  version "3.2.33"
  resolved "https://repo.huaweicloud.com/repository/npm/@vue/compiler-core/-/compiler-core-3.2.33.tgz"
  integrity sha512-AAmr52ji3Zhk7IKIuigX2osWWsb2nQE5xsdFYjdnmtQ4gymmqXbjLvkSE174+fF3A3kstYrTgGkqgOEbsdLDpw==
  dependencies:
    "@babel/parser" "^7.16.4"
    "@vue/shared" "3.2.33"
    estree-walker "^2.0.2"
    source-map "^0.6.1"

"@vue/compiler-dom@3.2.33", "@vue/compiler-dom@^3.2.31":
  version "3.2.33"
  resolved "https://repo.huaweicloud.com/repository/npm/@vue/compiler-dom/-/compiler-dom-3.2.33.tgz"
  integrity sha512-GhiG1C8X98Xz9QUX/RlA6/kgPBWJkjq0Rq6//5XTAGSYrTMBgcLpP9+CnlUg1TFxnnCVughAG+KZl28XJqw8uQ==
  dependencies:
    "@vue/compiler-core" "3.2.33"
    "@vue/shared" "3.2.33"

"@vue/compiler-sfc@3.2.33", "@vue/compiler-sfc@^3.2.31":
  version "3.2.33"
  resolved "https://repo.huaweicloud.com/repository/npm/@vue/compiler-sfc/-/compiler-sfc-3.2.33.tgz"
  integrity sha512-H8D0WqagCr295pQjUYyO8P3IejM3vEzeCO1apzByAEaAR/WimhMYczHfZVvlCE/9yBaEu/eu9RdiWr0kF8b71Q==
  dependencies:
    "@babel/parser" "^7.16.4"
    "@vue/compiler-core" "3.2.33"
    "@vue/compiler-dom" "3.2.33"
    "@vue/compiler-ssr" "3.2.33"
    "@vue/reactivity-transform" "3.2.33"
    "@vue/shared" "3.2.33"
    estree-walker "^2.0.2"
    magic-string "^0.25.7"
    postcss "^8.1.10"
    source-map "^0.6.1"

"@vue/compiler-ssr@3.2.33":
  version "3.2.33"
  resolved "https://repo.huaweicloud.com/repository/npm/@vue/compiler-ssr/-/compiler-ssr-3.2.33.tgz"
  integrity sha512-XQh1Xdk3VquDpXsnoCd7JnMoWec9CfAzQDQsaMcSU79OrrO2PNR0ErlIjm/mGq3GmBfkQjzZACV+7GhfRB8xMQ==
  dependencies:
    "@vue/compiler-dom" "3.2.33"
    "@vue/shared" "3.2.33"

"@vue/devtools-api@^6.1.4":
  version "6.1.4"
  resolved "https://repo.huaweicloud.com/repository/npm/@vue/devtools-api/-/devtools-api-6.1.4.tgz#b4aec2f4b4599e11ba774a50c67fa378c9824e53"
  integrity sha512-IiA0SvDrJEgXvVxjNkHPFfDx6SXw0b/TUkqMcDZWNg9fnCAHbTpoo59YfJ9QLFkwa3raau5vSlRVzMSLDnfdtQ==

"@vue/reactivity-transform@3.2.33":
  version "3.2.33"
  resolved "https://repo.huaweicloud.com/repository/npm/@vue/reactivity-transform/-/reactivity-transform-3.2.33.tgz"
  integrity sha512-4UL5KOIvSQb254aqenW4q34qMXbfZcmEsV/yVidLUgvwYQQ/D21bGX3DlgPUGI3c4C+iOnNmDCkIxkILoX/Pyw==
  dependencies:
    "@babel/parser" "^7.16.4"
    "@vue/compiler-core" "3.2.33"
    "@vue/shared" "3.2.33"
    estree-walker "^2.0.2"
    magic-string "^0.25.7"

"@vue/reactivity@3.2.33", "@vue/reactivity@^3.2.31":
  version "3.2.33"
  resolved "https://repo.huaweicloud.com/repository/npm/@vue/reactivity/-/reactivity-3.2.33.tgz"
  integrity sha512-62Sq0mp9/0bLmDuxuLD5CIaMG2susFAGARLuZ/5jkU1FCf9EDbwUuF+BO8Ub3Rbodx0ziIecM/NsmyjardBxfQ==
  dependencies:
    "@vue/shared" "3.2.33"

"@vue/runtime-core@3.2.33":
  version "3.2.33"
  resolved "https://repo.huaweicloud.com/repository/npm/@vue/runtime-core/-/runtime-core-3.2.33.tgz"
  integrity sha512-N2D2vfaXsBPhzCV3JsXQa2NECjxP3eXgZlFqKh4tgakp3iX6LCGv76DLlc+IfFZq+TW10Y8QUfeihXOupJ1dGw==
  dependencies:
    "@vue/reactivity" "3.2.33"
    "@vue/shared" "3.2.33"

"@vue/runtime-dom@3.2.33":
  version "3.2.33"
  resolved "https://repo.huaweicloud.com/repository/npm/@vue/runtime-dom/-/runtime-dom-3.2.33.tgz"
  integrity sha512-LSrJ6W7CZTSUygX5s8aFkraDWlO6K4geOwA3quFF2O+hC3QuAMZt/0Xb7JKE3C4JD4pFwCSO7oCrZmZ0BIJUnw==
  dependencies:
    "@vue/runtime-core" "3.2.33"
    "@vue/shared" "3.2.33"
    csstype "^2.6.8"

"@vue/server-renderer@3.2.33":
  version "3.2.33"
  resolved "https://repo.huaweicloud.com/repository/npm/@vue/server-renderer/-/server-renderer-3.2.33.tgz"
  integrity sha512-4jpJHRD4ORv8PlbYi+/MfP8ec1okz6rybe36MdpkDrGIdEItHEUyaHSKvz+ptNEyQpALmmVfRteHkU9F8vxOew==
  dependencies:
    "@vue/compiler-ssr" "3.2.33"
    "@vue/shared" "3.2.33"

"@vue/shared@3.2.33", "@vue/shared@^3.2.31":
  version "3.2.33"
  resolved "https://repo.huaweicloud.com/repository/npm/@vue/shared/-/shared-3.2.33.tgz"
  integrity sha512-UBc1Pg1T3yZ97vsA2ueER0F6GbJebLHYlEi4ou1H5YL4KWvMOOWwpYo9/QpWq93wxKG6Wo13IY74Hcn/f7c7Bg==

ansi-regex@^2.0.0:
  version "2.1.1"
  resolved "https://repo.huaweicloud.com/repository/npm/ansi-regex/-/ansi-regex-2.1.1.tgz#c3b33ab5ee360d86e0e628f0468ae7ef27d654df"
  integrity sha1-w7M6te42DYbg5ijwRorn7yfWVN8=

ansi-styles@^2.2.1:
  version "2.2.1"
  resolved "https://repo.huaweicloud.com/repository/npm/ansi-styles/-/ansi-styles-2.2.1.tgz#b432dd3358b634cf75e1e4664368240533c1ddbe"
  integrity sha1-tDLdM1i2NM914eRmQ2gkBTPB3b4=

anymatch@~3.1.2:
  version "3.1.2"
  resolved "https://repo.huaweicloud.com/repository/npm/anymatch/-/anymatch-3.1.2.tgz#c0557c096af32f106198f4f4e2a383537e378716"
  integrity sha512-P43ePfOAIupkguHUycrc4qJ9kz8ZiuOUijaETwX7THt0Y/GNK7v0aa8rY816xWjZ7rJdA5XdMcpVFTKMq+RvWg==
  dependencies:
    normalize-path "^3.0.0"
    picomatch "^2.0.4"

asynckit@^0.4.0:
  version "0.4.0"
  resolved "https://repo.huaweicloud.com/repository/npm/asynckit/-/asynckit-0.4.0.tgz#c79ed97f7f34cb8f2ba1bc9790bcc366474b4b79"
  integrity sha1-x57Zf380y48robyXkLzDZkdLS3k=

autoprefixer@^10.4.7:
  version "10.4.7"
  resolved "https://repo.huaweicloud.com/repository/npm/autoprefixer/-/autoprefixer-10.4.7.tgz#1db8d195f41a52ca5069b7593be167618edbbedf"
  integrity sha512-ypHju4Y2Oav95SipEcCcI5J7CGPuvz8oat7sUtYj3ClK44bldfvtvcxK6IEK++7rqB7YchDGzweZIBG+SD0ZAA==
  dependencies:
    browserslist "^4.20.3"
    caniuse-lite "^1.0.30001335"
    fraction.js "^4.2.0"
    normalize-range "^0.1.2"
    picocolors "^1.0.0"
    postcss-value-parser "^4.2.0"

axios@^0.27.2:
  version "0.27.2"
  resolved "https://repo.huaweicloud.com/repository/npm/axios/-/axios-0.27.2.tgz#207658cc8621606e586c85db4b41a750e756d972"
  integrity sha512-t+yRIyySRTp/wua5xEr+z1q60QmLq8ABsS5O9Me1AsE5dfKqgnCFzwiCZZ/cGNd1lq4/7akDWMxdhVlucjmnOQ==
  dependencies:
    follow-redirects "^1.14.9"
    form-data "^4.0.0"

binary-extensions@^2.0.0:
  version "2.2.0"
  resolved "https://repo.huaweicloud.com/repository/npm/binary-extensions/-/binary-extensions-2.2.0.tgz#75f502eeaf9ffde42fc98829645be4ea76bd9e2d"
  integrity sha512-jDctJ/IVQbZoJykoeHbhXpOlNBqGNcwXJKJog42E5HDPUwQTSdjCHdihjj0DlnheQ7blbT6dHOafNAiS8ooQKA==

braces@~3.0.2:
  version "3.0.2"
  resolved "https://repo.huaweicloud.com/repository/npm/braces/-/braces-3.0.2.tgz#3454e1a462ee8d599e236df336cd9ea4f8afe107"
  integrity sha512-b8um+L1RzM3WDSzvhm6gIz1yfTbBt6YTlcEKAvsmqCZZFw46z626lVj9j1yEPW33H5H+lBQpZMP1k8l+78Ha0A==
  dependencies:
    fill-range "^7.0.1"

browserslist@^4.20.3:
  version "4.20.3"
  resolved "https://repo.huaweicloud.com/repository/npm/browserslist/-/browserslist-4.20.3.tgz#eb7572f49ec430e054f56d52ff0ebe9be915f8bf"
  integrity sha512-NBhymBQl1zM0Y5dQT/O+xiLP9/rzOIQdKM/eMJBAq7yBgaB6krIYLGejrwVYnSHZdqjscB1SPuAjHwxjvN6Wdg==
  dependencies:
    caniuse-lite "^1.0.30001332"
    electron-to-chromium "^1.4.118"
    escalade "^3.1.1"
    node-releases "^2.0.3"
    picocolors "^1.0.0"

caniuse-lite@^1.0.30001332, caniuse-lite@^1.0.30001335:
  version "1.0.30001338"
  resolved "https://repo.huaweicloud.com/repository/npm/caniuse-lite/-/caniuse-lite-1.0.30001338.tgz#b5dd7a7941a51a16480bdf6ff82bded1628eec0d"
  integrity sha512-1gLHWyfVoRDsHieO+CaeYe7jSo/MT7D7lhaXUiwwbuR5BwQxORs0f1tAwUSQr3YbxRXJvxHM/PA5FfPQRnsPeQ==

chalk@^1.1.3:
  version "1.1.3"
  resolved "https://repo.huaweicloud.com/repository/npm/chalk/-/chalk-1.1.3.tgz#a8115c55e4a702fe4d150abd3872822a7e09fc98"
  integrity sha1-qBFcVeSnAv5NFQq9OHKCKn4J/Jg=
  dependencies:
    ansi-styles "^2.2.1"
    escape-string-regexp "^1.0.2"
    has-ansi "^2.0.0"
    strip-ansi "^3.0.0"
    supports-color "^2.0.0"

"chokidar@>=3.0.0 <4.0.0":
  version "3.5.3"
  resolved "https://repo.huaweicloud.com/repository/npm/chokidar/-/chokidar-3.5.3.tgz#1cf37c8707b932bd1af1ae22c0432e2acd1903bd"
  integrity sha512-Dr3sfKRP6oTcjf2JmUmFJfeVMvXBdegxB0iVQ5eb2V10uFJUCAS8OByZdVAyVb8xXNz3GjjTgj9kLWsZTqE6kw==
  dependencies:
    anymatch "~3.1.2"
    braces "~3.0.2"
    glob-parent "~5.1.2"
    is-binary-path "~2.1.0"
    is-glob "~4.0.1"
    normalize-path "~3.0.0"
    readdirp "~3.6.0"
  optionalDependencies:
    fsevents "~2.3.2"

combined-stream@^1.0.8:
  version "1.0.8"
  resolved "https://repo.huaweicloud.com/repository/npm/combined-stream/-/combined-stream-1.0.8.tgz#c3d45a8b34fd730631a110a8a2520682b31d5a7f"
  integrity sha512-FQN4MRfuJeHf7cBbBMJFXhKSDq+2kAArBlmRBvcvFE5BB1HZKXtSFASDhdlz9zOYwxh8lDdnvmMOe/+5cdoEdg==
  dependencies:
    delayed-stream "~1.0.0"

csstype@^2.6.8:
  version "2.6.20"
  resolved "https://repo.huaweicloud.com/repository/npm/csstype/-/csstype-2.6.20.tgz"
  integrity sha512-/WwNkdXfckNgw6S5R125rrW8ez139lBHWouiBvX8dfMFtcn6V81REDqnH7+CRpRipfYlyU1CmOnOxrmGcFOjeA==

delayed-stream@~1.0.0:
  version "1.0.0"
  resolved "https://repo.huaweicloud.com/repository/npm/delayed-stream/-/delayed-stream-1.0.0.tgz#df3ae199acadfb7d440aaae0b29e2272b24ec619"
  integrity sha1-3zrhmayt+31ECqrgsp4icrJOxhk=

electron-to-chromium@^1.4.118:
  version "1.4.136"
  resolved "https://repo.huaweicloud.com/repository/npm/electron-to-chromium/-/electron-to-chromium-1.4.136.tgz#b6a3595a9c29d6d8f60e092d40ac24f997e4e7ef"
  integrity sha512-GnITX8rHnUrIVnTxU9UlsTnSemHUA2iF+6QrRqxFbp/mf0vfuSc/goEyyQhUX3TUUCE3mv/4BNuXOtaJ4ur0eA==

esbuild-android-64@0.14.38:
  version "0.14.38"
  resolved "https://repo.huaweicloud.com/repository/npm/esbuild-android-64/-/esbuild-android-64-0.14.38.tgz#5b94a1306df31d55055f64a62ff6b763a47b7f64"
  integrity sha512-aRFxR3scRKkbmNuGAK+Gee3+yFxkTJO/cx83Dkyzo4CnQl/2zVSurtG6+G86EQIZ+w+VYngVyK7P3HyTBKu3nw==

esbuild-android-arm64@0.14.38:
  version "0.14.38"
  resolved "https://repo.huaweicloud.com/repository/npm/esbuild-android-arm64/-/esbuild-android-arm64-0.14.38.tgz#78acc80773d16007de5219ccce544c036abd50b8"
  integrity sha512-L2NgQRWuHFI89IIZIlpAcINy9FvBk6xFVZ7xGdOwIm8VyhX1vNCEqUJO3DPSSy945Gzdg98cxtNt8Grv1CsyhA==

esbuild-darwin-64@0.14.38:
  version "0.14.38"
  resolved "https://repo.huaweicloud.com/repository/npm/esbuild-darwin-64/-/esbuild-darwin-64-0.14.38.tgz"
  integrity sha512-5JJvgXkX87Pd1Og0u/NJuO7TSqAikAcQQ74gyJ87bqWRVeouky84ICoV4sN6VV53aTW+NE87qLdGY4QA2S7KNA==

esbuild-darwin-arm64@0.14.38:
  version "0.14.38"
  resolved "https://repo.huaweicloud.com/repository/npm/esbuild-darwin-arm64/-/esbuild-darwin-arm64-0.14.38.tgz#01eb6650ec010b18c990e443a6abcca1d71290a9"
  integrity sha512-eqF+OejMI3mC5Dlo9Kdq/Ilbki9sQBw3QlHW3wjLmsLh+quNfHmGMp3Ly1eWm981iGBMdbtSS9+LRvR2T8B3eQ==

esbuild-freebsd-64@0.14.38:
  version "0.14.38"
  resolved "https://repo.huaweicloud.com/repository/npm/esbuild-freebsd-64/-/esbuild-freebsd-64-0.14.38.tgz#790b8786729d4aac7be17648f9ea8e0e16475b5e"
  integrity sha512-epnPbhZUt93xV5cgeY36ZxPXDsQeO55DppzsIgWM8vgiG/Rz+qYDLmh5ts3e+Ln1wA9dQ+nZmVHw+RjaW3I5Ig==

esbuild-freebsd-arm64@0.14.38:
  version "0.14.38"
  resolved "https://repo.huaweicloud.com/repository/npm/esbuild-freebsd-arm64/-/esbuild-freebsd-arm64-0.14.38.tgz#b66340ab28c09c1098e6d9d8ff656db47d7211e6"
  integrity sha512-/9icXUYJWherhk+y5fjPI5yNUdFPtXHQlwP7/K/zg8t8lQdHVj20SqU9/udQmeUo5pDFHMYzcEFfJqgOVeKNNQ==

esbuild-linux-32@0.14.38:
  version "0.14.38"
  resolved "https://repo.huaweicloud.com/repository/npm/esbuild-linux-32/-/esbuild-linux-32-0.14.38.tgz#7927f950986fd39f0ff319e92839455912b67f70"
  integrity sha512-QfgfeNHRFvr2XeHFzP8kOZVnal3QvST3A0cgq32ZrHjSMFTdgXhMhmWdKzRXP/PKcfv3e2OW9tT9PpcjNvaq6g==

esbuild-linux-64@0.14.38:
  version "0.14.38"
  resolved "https://repo.huaweicloud.com/repository/npm/esbuild-linux-64/-/esbuild-linux-64-0.14.38.tgz#4893d07b229d9cfe34a2b3ce586399e73c3ac519"
  integrity sha512-uuZHNmqcs+Bj1qiW9k/HZU3FtIHmYiuxZ/6Aa+/KHb/pFKr7R3aVqvxlAudYI9Fw3St0VCPfv7QBpUITSmBR1Q==

esbuild-linux-arm64@0.14.38:
  version "0.14.38"
  resolved "https://repo.huaweicloud.com/repository/npm/esbuild-linux-arm64/-/esbuild-linux-arm64-0.14.38.tgz#8442402e37d0b8ae946ac616784d9c1a2041056a"
  integrity sha512-HlMGZTEsBrXrivr64eZ/EO0NQM8H8DuSENRok9d+Jtvq8hOLzrxfsAT9U94K3KOGk2XgCmkaI2KD8hX7F97lvA==

esbuild-linux-arm@0.14.38:
  version "0.14.38"
  resolved "https://repo.huaweicloud.com/repository/npm/esbuild-linux-arm/-/esbuild-linux-arm-0.14.38.tgz#d5dbf32d38b7f79be0ec6b5fb2f9251fd9066986"
  integrity sha512-FiFvQe8J3VKTDXG01JbvoVRXQ0x6UZwyrU4IaLBZeq39Bsbatd94Fuc3F1RGqPF5RbIWW7RvkVQjn79ejzysnA==

esbuild-linux-mips64le@0.14.38:
  version "0.14.38"
  resolved "https://repo.huaweicloud.com/repository/npm/esbuild-linux-mips64le/-/esbuild-linux-mips64le-0.14.38.tgz#95081e42f698bbe35d8ccee0e3a237594b337eb5"
  integrity sha512-qd1dLf2v7QBiI5wwfil9j0HG/5YMFBAmMVmdeokbNAMbcg49p25t6IlJFXAeLzogv1AvgaXRXvgFNhScYEUXGQ==

esbuild-linux-ppc64le@0.14.38:
  version "0.14.38"
  resolved "https://repo.huaweicloud.com/repository/npm/esbuild-linux-ppc64le/-/esbuild-linux-ppc64le-0.14.38.tgz#dceb0a1b186f5df679618882a7990bd422089b47"
  integrity sha512-mnbEm7o69gTl60jSuK+nn+pRsRHGtDPfzhrqEUXyCl7CTOCLtWN2bhK8bgsdp6J/2NyS/wHBjs1x8aBWwP2X9Q==

esbuild-linux-riscv64@0.14.38:
  version "0.14.38"
  resolved "https://repo.huaweicloud.com/repository/npm/esbuild-linux-riscv64/-/esbuild-linux-riscv64-0.14.38.tgz#61fb8edb75f475f9208c4a93ab2bfab63821afd2"
  integrity sha512-+p6YKYbuV72uikChRk14FSyNJZ4WfYkffj6Af0/Tw63/6TJX6TnIKE+6D3xtEc7DeDth1fjUOEqm+ApKFXbbVQ==

esbuild-linux-s390x@0.14.38:
  version "0.14.38"
  resolved "https://repo.huaweicloud.com/repository/npm/esbuild-linux-s390x/-/esbuild-linux-s390x-0.14.38.tgz#34c7126a4937406bf6a5e69100185fd702d12fe0"
  integrity sha512-0zUsiDkGJiMHxBQ7JDU8jbaanUY975CdOW1YDrurjrM0vWHfjv9tLQsW9GSyEb/heSK1L5gaweRjzfUVBFoybQ==

esbuild-netbsd-64@0.14.38:
  version "0.14.38"
  resolved "https://repo.huaweicloud.com/repository/npm/esbuild-netbsd-64/-/esbuild-netbsd-64-0.14.38.tgz#322ea9937d9e529183ee281c7996b93eb38a5d95"
  integrity sha512-cljBAApVwkpnJZfnRVThpRBGzCi+a+V9Ofb1fVkKhtrPLDYlHLrSYGtmnoTVWDQdU516qYI8+wOgcGZ4XIZh0Q==

esbuild-openbsd-64@0.14.38:
  version "0.14.38"
  resolved "https://repo.huaweicloud.com/repository/npm/esbuild-openbsd-64/-/esbuild-openbsd-64-0.14.38.tgz#1ca29bb7a2bf09592dcc26afdb45108f08a2cdbd"
  integrity sha512-CDswYr2PWPGEPpLDUO50mL3WO/07EMjnZDNKpmaxUPsrW+kVM3LoAqr/CE8UbzugpEiflYqJsGPLirThRB18IQ==

esbuild-sunos-64@0.14.38:
  version "0.14.38"
  resolved "https://repo.huaweicloud.com/repository/npm/esbuild-sunos-64/-/esbuild-sunos-64-0.14.38.tgz#c9446f7d8ebf45093e7bb0e7045506a88540019b"
  integrity sha512-2mfIoYW58gKcC3bck0j7lD3RZkqYA7MmujFYmSn9l6TiIcAMpuEvqksO+ntBgbLep/eyjpgdplF7b+4T9VJGOA==

esbuild-windows-32@0.14.38:
  version "0.14.38"
  resolved "https://repo.huaweicloud.com/repository/npm/esbuild-windows-32/-/esbuild-windows-32-0.14.38.tgz#f8e9b4602fd0ccbd48e5c8d117ec0ba4040f2ad1"
  integrity sha512-L2BmEeFZATAvU+FJzJiRLFUP+d9RHN+QXpgaOrs2klshoAm1AE6Us4X6fS9k33Uy5SzScn2TpcgecbqJza1Hjw==

esbuild-windows-64@0.14.38:
  version "0.14.38"
  resolved "https://repo.huaweicloud.com/repository/npm/esbuild-windows-64/-/esbuild-windows-64-0.14.38.tgz#280f58e69f78535f470905ce3e43db1746518107"
  integrity sha512-Khy4wVmebnzue8aeSXLC+6clo/hRYeNIm0DyikoEqX+3w3rcvrhzpoix0S+MF9vzh6JFskkIGD7Zx47ODJNyCw==

esbuild-windows-arm64@0.14.38:
  version "0.14.38"
  resolved "https://repo.huaweicloud.com/repository/npm/esbuild-windows-arm64/-/esbuild-windows-arm64-0.14.38.tgz#d97e9ac0f95a4c236d9173fa9f86c983d6a53f54"
  integrity sha512-k3FGCNmHBkqdJXuJszdWciAH77PukEyDsdIryEHn9cKLQFxzhT39dSumeTuggaQcXY57UlmLGIkklWZo2qzHpw==

esbuild@^0.14.27:
  version "0.14.38"
  resolved "https://repo.huaweicloud.com/repository/npm/esbuild/-/esbuild-0.14.38.tgz"
  integrity sha512-12fzJ0fsm7gVZX1YQ1InkOE5f9Tl7cgf6JPYXRJtPIoE0zkWAbHdPHVPPaLi9tYAcEBqheGzqLn/3RdTOyBfcA==
  optionalDependencies:
    esbuild-android-64 "0.14.38"
    esbuild-android-arm64 "0.14.38"
    esbuild-darwin-64 "0.14.38"
    esbuild-darwin-arm64 "0.14.38"
    esbuild-freebsd-64 "0.14.38"
    esbuild-freebsd-arm64 "0.14.38"
    esbuild-linux-32 "0.14.38"
    esbuild-linux-64 "0.14.38"
    esbuild-linux-arm "0.14.38"
    esbuild-linux-arm64 "0.14.38"
    esbuild-linux-mips64le "0.14.38"
    esbuild-linux-ppc64le "0.14.38"
    esbuild-linux-riscv64 "0.14.38"
    esbuild-linux-s390x "0.14.38"
    esbuild-netbsd-64 "0.14.38"
    esbuild-openbsd-64 "0.14.38"
    esbuild-sunos-64 "0.14.38"
    esbuild-windows-32 "0.14.38"
    esbuild-windows-64 "0.14.38"
    esbuild-windows-arm64 "0.14.38"

escalade@^3.1.1:
  version "3.1.1"
  resolved "https://repo.huaweicloud.com/repository/npm/escalade/-/escalade-3.1.1.tgz#d8cfdc7000965c5a0174b4a82eaa5c0552742e40"
  integrity sha512-k0er2gUkLf8O0zKJiAhmkTnJlTvINGv7ygDNPbeIsX/TJjGJZHuh9B2UxbsaEkmlEo9MfhrSzmhIlhRlI2GXnw==

escape-string-regexp@^1.0.2:
  version "1.0.5"
  resolved "https://repo.huaweicloud.com/repository/npm/escape-string-regexp/-/escape-string-regexp-1.0.5.tgz#1b61c0562190a8dff6ae3bb2cf0200ca130b86d4"
  integrity sha1-G2HAViGQqN/2rjuyzwIAyhMLhtQ=

estree-walker@^2.0.2:
  version "2.0.2"
  resolved "https://repo.huaweicloud.com/repository/npm/estree-walker/-/estree-walker-2.0.2.tgz"
  integrity sha512-Rfkk/Mp/DL7JVje3u18FxFujQlTNR2q6QfMSMB7AvCBx91NGj/ba3kCfza0f6dVDbw7YlRf/nDrn7pQrCCyQ/w==

fill-range@^7.0.1:
  version "7.0.1"
  resolved "https://repo.huaweicloud.com/repository/npm/fill-range/-/fill-range-7.0.1.tgz#1919a6a7c75fe38b2c7c77e5198535da9acdda40"
  integrity sha512-qOo9F+dMUmC2Lcb4BbVvnKJxTPjCm+RRpe4gDuGrzkL7mEVl/djYSu2OdQ2Pa302N4oqkSg9ir6jaLWJ2USVpQ==
  dependencies:
    to-regex-range "^5.0.1"

follow-redirects@^1.14.9:
  version "1.15.0"
  resolved "https://repo.huaweicloud.com/repository/npm/follow-redirects/-/follow-redirects-1.15.0.tgz#06441868281c86d0dda4ad8bdaead2d02dca89d4"
  integrity sha512-aExlJShTV4qOUOL7yF1U5tvLCB0xQuudbf6toyYA0E/acBNw71mvjFTnLaRp50aQaYocMR0a/RMMBIHeZnGyjQ==

form-data@^4.0.0:
  version "4.0.0"
  resolved "https://repo.huaweicloud.com/repository/npm/form-data/-/form-data-4.0.0.tgz#93919daeaf361ee529584b9b31664dc12c9fa452"
  integrity sha512-ETEklSGi5t0QMZuiXoA/Q6vcnxcLQP5vdugSpuAyi6SVGi2clPPp+xgEhuMaHC+zGgn31Kd235W35f7Hykkaww==
  dependencies:
    asynckit "^0.4.0"
    combined-stream "^1.0.8"
    mime-types "^2.1.12"

fraction.js@^4.2.0:
  version "4.2.0"
  resolved "https://repo.huaweicloud.com/repository/npm/fraction.js/-/fraction.js-4.2.0.tgz#448e5109a313a3527f5a3ab2119ec4cf0e0e2950"
  integrity sha512-MhLuK+2gUcnZe8ZHlaaINnQLl0xRIGRfcGk2yl8xoQAfHrSsL3rYu6FCmBdkdbhc9EPlwyGHewaRsvwRMJtAlA==

fsevents@~2.3.2:
  version "2.3.2"
  resolved "https://repo.huaweicloud.com/repository/npm/fsevents/-/fsevents-2.3.2.tgz"
  integrity sha512-xiqMQR4xAeHTuB9uWm+fFRcIOgKBMiOBP+eXiyT7jsgVCq1bkVygt00oASowB7EdtpOHaaPgKt812P9ab+DDKA==

function-bind@^1.1.1:
  version "1.1.1"
  resolved "https://repo.huaweicloud.com/repository/npm/function-bind/-/function-bind-1.1.1.tgz"
  integrity sha512-yIovAzMX49sF8Yl58fSCWJ5svSLuaibPxXQJFLmBObTuCr0Mf1KiPopGM9NiFjiYBCbfaa2Fh6breQ6ANVTI0A==

glob-parent@~5.1.2:
  version "5.1.2"
  resolved "https://repo.huaweicloud.com/repository/npm/glob-parent/-/glob-parent-5.1.2.tgz#869832c58034fe68a4093c17dc15e8340d8401c4"
  integrity sha512-AOIgSQCepiJYwP3ARnGx+5VnTu2HBYdzbGP45eLw1vr3zB3vZLeyed1sC9hnbcOc9/SrMyM5RPQrkGz4aS9Zow==
  dependencies:
    is-glob "^4.0.1"

has-ansi@^2.0.0:
  version "2.0.0"
  resolved "https://repo.huaweicloud.com/repository/npm/has-ansi/-/has-ansi-2.0.0.tgz#34f5049ce1ecdf2b0649af3ef24e45ed35416d91"
  integrity sha1-NPUEnOHs3ysGSa8+8k5F7TVBbZE=
  dependencies:
    ansi-regex "^2.0.0"

has-flag@^1.0.0:
  version "1.0.0"
  resolved "https://repo.huaweicloud.com/repository/npm/has-flag/-/has-flag-1.0.0.tgz#9d9e793165ce017a00f00418c43f942a7b1d11fa"
  integrity sha1-nZ55MWXOAXoA8AQYxD+UKnsdEfo=

has@^1.0.3:
  version "1.0.3"
  resolved "https://repo.huaweicloud.com/repository/npm/has/-/has-1.0.3.tgz"
  integrity sha512-f2dvO0VU6Oej7RkWJGrehjbzMAjFp5/VKPp5tTpWIV4JHHZK1/BxbFRtf/siA2SWTe09caDmVtYYzWEIbBS4zw==
  dependencies:
    function-bind "^1.1.1"

highlight.js@^11.5.1:
  version "11.5.1"
  resolved "https://repo.huaweicloud.com/repository/npm/highlight.js/-/highlight.js-11.5.1.tgz#027c24e4509e2f4dcd00b4a6dda542ce0a1f7aea"
  integrity sha512-LKzHqnxr4CrD2YsNoIf/o5nJ09j4yi/GcH5BnYz9UnVpZdS4ucMgvP61TDty5xJcFGRjnH4DpujkS9bHT3hq0Q==

immutable@^4.0.0:
  version "4.0.0"
  resolved "https://repo.huaweicloud.com/repository/npm/immutable/-/immutable-4.0.0.tgz#b86f78de6adef3608395efb269a91462797e2c23"
  integrity sha512-zIE9hX70qew5qTUjSS7wi1iwj/l7+m54KWU247nhM3v806UdGj1yDndXj+IOYxxtW9zyLI+xqFNZjTuDaLUqFw==

is-binary-path@~2.1.0:
  version "2.1.0"
  resolved "https://repo.huaweicloud.com/repository/npm/is-binary-path/-/is-binary-path-2.1.0.tgz#ea1f7f3b80f064236e83470f86c09c254fb45b09"
  integrity sha512-ZMERYes6pDydyuGidse7OsHxtbI7WVeUEozgR/g7rd0xUimYNlvZRE/K2MgZTjWy725IfelLeVcEM97mmtRGXw==
  dependencies:
    binary-extensions "^2.0.0"

is-core-module@^2.8.1:
  version "2.9.0"
  resolved "https://repo.huaweicloud.com/repository/npm/is-core-module/-/is-core-module-2.9.0.tgz"
  integrity sha512-+5FPy5PnwmO3lvfMb0AsoPaBG+5KHUI0wYFXOtYPnVVVspTFUuMZNfNaNVRt3FZadstu2c8x23vykRW/NBoU6A==
  dependencies:
    has "^1.0.3"

is-extglob@^2.1.1:
  version "2.1.1"
  resolved "https://repo.huaweicloud.com/repository/npm/is-extglob/-/is-extglob-2.1.1.tgz#a88c02535791f02ed37c76a1b9ea9773c833f8c2"
  integrity sha1-qIwCU1eR8C7TfHahueqXc8gz+MI=

is-glob@^4.0.1, is-glob@~4.0.1:
  version "4.0.3"
  resolved "https://repo.huaweicloud.com/repository/npm/is-glob/-/is-glob-4.0.3.tgz#64f61e42cbbb2eec2071a9dac0b28ba1e65d5084"
  integrity sha512-xelSayHH36ZgE7ZWhli7pW34hNbNl8Ojv5KVmkJD4hBdD3th8Tfk9vYasLM+mXWOZhFkgZfxhLSnrwRr4elSSg==
  dependencies:
    is-extglob "^2.1.1"

is-number@^7.0.0:
  version "7.0.0"
  resolved "https://repo.huaweicloud.com/repository/npm/is-number/-/is-number-7.0.0.tgz#7535345b896734d5f80c4d06c50955527a14f12b"
  integrity sha512-41Cifkg6e8TylSpdtTpeLVMqvSBEVzTttHvERD741+pnZ8ANv0004MRL43QKPDlK9cGvNp6NZWZUBlbGXYxxng==

js-base64@^2.1.9:
  version "2.6.4"
  resolved "https://repo.huaweicloud.com/repository/npm/js-base64/-/js-base64-2.6.4.tgz#f4e686c5de1ea1f867dbcad3d46d969428df98c4"
  integrity sha512-pZe//GGmwJndub7ZghVHz7vjb2LgC1m8B07Au3eYqeqv9emhESByMXxaEgkUkEqJe87oBbSniGYoQNIBklc7IQ==

lilconfig@^2.0.5:
  version "2.0.5"
  resolved "https://repo.huaweicloud.com/repository/npm/lilconfig/-/lilconfig-2.0.5.tgz#19e57fd06ccc3848fd1891655b5a447092225b25"
  integrity sha512-xaYmXZtTHPAw5m+xLN8ab9C+3a8YmV3asNSPOATITbtwrfbwaLJj8h66H1WMIpALCkqsIzK3h7oQ+PdX+LQ9Eg==

magic-string@^0.25.7:
  version "0.25.9"
  resolved "https://repo.huaweicloud.com/repository/npm/magic-string/-/magic-string-0.25.9.tgz"
  integrity sha512-RmF0AsMzgt25qzqqLc1+MbHmhdx0ojF2Fvs4XnOqz2ZOBXzzkEwc/dJQZCYHAn7v1jbVOjAZfK8msRn4BxO4VQ==
  dependencies:
    sourcemap-codec "^1.4.8"

mime-db@1.52.0:
  version "1.52.0"
  resolved "https://repo.huaweicloud.com/repository/npm/mime-db/-/mime-db-1.52.0.tgz#bbabcdc02859f4987301c856e3387ce5ec43bf70"
  integrity sha512-sPU4uV7dYlvtWJxwwxHD0PuihVNiE7TyAbQ5SWxDCB9mUYvOgroQOwYQQOKPJ8CIbE+1ETVlOoK1UC2nU3gYvg==

mime-types@^2.1.12:
  version "2.1.35"
  resolved "https://repo.huaweicloud.com/repository/npm/mime-types/-/mime-types-2.1.35.tgz#381a871b62a734450660ae3deee44813f70d959a"
  integrity sha512-ZDY+bPm5zTTF+YpCrAU9nK0UgICYPT0QtT1NZWFv4s++TNkcgVaT0g6+4R2uI4MjQjzysHB1zxuWL50hzaeXiw==
  dependencies:
    mime-db "1.52.0"

mitt@^3.0.0:
  version "3.0.0"
  resolved "https://repo.huaweicloud.com/repository/npm/mitt/-/mitt-3.0.0.tgz#69ef9bd5c80ff6f57473e8d89326d01c414be0bd"
  integrity sha512-7dX2/10ITVyqh4aOSVI9gdape+t9l2/8QxHrFmUXu4EEUpdlxl6RudZUPZoc+zuY2hk1j7XxVroIVIan/pD/SQ==

nanoid@^3.3.3:
  version "3.3.4"
  resolved "https://repo.huaweicloud.com/repository/npm/nanoid/-/nanoid-3.3.4.tgz"
  integrity sha512-MqBkQh/OHTS2egovRtLk45wEyNXwF+cokD+1YPf9u5VfJiRdAiRwB2froX5Co9Rh20xs4siNPm8naNotSD6RBw==

node-releases@^2.0.3:
  version "2.0.4"
  resolved "https://repo.huaweicloud.com/repository/npm/node-releases/-/node-releases-2.0.4.tgz#f38252370c43854dc48aa431c766c6c398f40476"
  integrity sha512-gbMzqQtTtDz/00jQzZ21PQzdI9PyLYqUSvD0p3naOhX4odFji0ZxYdnVwPTxmSwkmxhcFImpozceidSG+AgoPQ==

normalize-path@^3.0.0, normalize-path@~3.0.0:
  version "3.0.0"
  resolved "https://repo.huaweicloud.com/repository/npm/normalize-path/-/normalize-path-3.0.0.tgz#0dcd69ff23a1c9b11fd0978316644a0388216a65"
  integrity sha512-6eZs5Ls3WtCisHWp9S2GUy8dqkpGi4BVSz3GaqiE6ezub0512ESztXUwUB6C6IKbQkY2Pnb/mD4WYojCRwcwLA==

normalize-range@^0.1.2:
  version "0.1.2"
  resolved "https://repo.huaweicloud.com/repository/npm/normalize-range/-/normalize-range-0.1.2.tgz#2d10c06bdfd312ea9777695a4d28439456b75942"
  integrity sha1-LRDAa9/TEuqXd2laTShDlFa3WUI=

notyf@^3.10.0:
  version "3.10.0"
  resolved "https://repo.huaweicloud.com/repository/npm/notyf/-/notyf-3.10.0.tgz#67a64443c69ea0e6495c56ea0f91198860163d06"
  integrity sha512-Mtnp+0qiZxgrH+TzVlzhWyZceHdAZ/UWK0/ju9U0HQeDpap1mZ8cC7H5wSI5mwgni6yeAjaxsTw0sbMK+aSuHw==

path-parse@^1.0.7:
  version "1.0.7"
  resolved "https://repo.huaweicloud.com/repository/npm/path-parse/-/path-parse-1.0.7.tgz"
  integrity sha512-LDJzPVEEEPR+y48z93A0Ed0yXb8pAByGWo/k5YYdYgpY2/2EsOsksJrq7lOHxryrVOn1ejG6oAp8ahvOIQD8sw==

picocolors@^1.0.0:
  version "1.0.0"
  resolved "https://repo.huaweicloud.com/repository/npm/picocolors/-/picocolors-1.0.0.tgz"
  integrity sha512-1fygroTLlHu66zi26VoTDv8yRgm0Fccecssto+MhsZ0D/DGW2sm8E8AjW7NU5VVTRt5GxbeZ5qBuJr+HyLYkjQ==

picomatch@^2.0.4, picomatch@^2.2.1:
  version "2.3.1"
  resolved "https://repo.huaweicloud.com/repository/npm/picomatch/-/picomatch-2.3.1.tgz#3ba3833733646d9d3e4995946c1365a67fb07a42"
  integrity sha512-JU3teHTNjmE2VCGFzuY8EXzCDVwEqB2a8fsIvwaStHhAWJEeVd1o1QD80CU6+ZdEXXSLbSsuLwJjkCBWqRQUVA==

pinia@^2.0.14:
  version "2.0.14"
  resolved "https://repo.huaweicloud.com/repository/npm/pinia/-/pinia-2.0.14.tgz#0837898c20291ebac982bbfca95c8d3c6099925f"
  integrity sha512-0nPuZR4TetT/WcLN+feMSjWJku3SQU7dBbXC6uw+R6FLQJCsg+/0pzXyD82T1FmAYe0lsx+jnEDQ1BLgkRKlxA==
  dependencies:
    "@vue/devtools-api" "^6.1.4"
    vue-demi "*"

postcss-load-config@^3.1.4:
  version "3.1.4"
  resolved "https://repo.huaweicloud.com/repository/npm/postcss-load-config/-/postcss-load-config-3.1.4.tgz#1ab2571faf84bb078877e1d07905eabe9ebda855"
  integrity sha512-6DiM4E7v4coTE4uzA8U//WhtPwyhiim3eyjEMFCnUpzbrkK9wJHgKDT2mR+HbtSrd/NubVaYTOpSpjUl8NQeRg==
  dependencies:
    lilconfig "^2.0.5"
    yaml "^1.10.2"

postcss-plugin-px2rem@^0.8.1:
  version "0.8.1"
  resolved "https://repo.huaweicloud.com/repository/npm/postcss-plugin-px2rem/-/postcss-plugin-px2rem-0.8.1.tgz#e8adf28fd2befbc079a119126b5c62a88905d5e1"
  integrity sha512-gNxhrnR57pnGrPLLqVNWY9+BWgj46kYkphw+0gpRJf9tjgwI7/tLqQPK7KdlksB2SSAddOb11otDVwri8b8mXw==
  dependencies:
    postcss "^5.0.21"

postcss-pxtorem@^6.0.0:
  version "6.0.0"
  resolved "https://repo.huaweicloud.com/repository/npm/postcss-pxtorem/-/postcss-pxtorem-6.0.0.tgz#f228a4d05d8a73f0642eabae950e2b19836366d7"
  integrity sha512-ZRXrD7MLLjLk2RNGV6UA4f5Y7gy+a/j1EqjAfp9NdcNYVjUMvg5HTYduTjSkKBkRkfqbg/iKrjMO70V4g1LZeg==

postcss-value-parser@^4.2.0:
  version "4.2.0"
  resolved "https://repo.huaweicloud.com/repository/npm/postcss-value-parser/-/postcss-value-parser-4.2.0.tgz#723c09920836ba6d3e5af019f92bc0971c02e514"
  integrity sha512-1NNCs6uurfkVbeXG4S8JFT9t19m45ICnif8zWLd5oPSZ50QnwMfK+H3jv408d4jw/7Bttv5axS5IiHoLaVNHeQ==

postcss@^5.0.21:
  version "5.2.18"
  resolved "https://repo.huaweicloud.com/repository/npm/postcss/-/postcss-5.2.18.tgz#badfa1497d46244f6390f58b319830d9107853c5"
  integrity sha512-zrUjRRe1bpXKsX1qAJNJjqZViErVuyEkMTRrwu4ud4sbTtIBRmtaYDrHmcGgmrbsW3MHfmtIf+vJumgQn+PrXg==
  dependencies:
    chalk "^1.1.3"
    js-base64 "^2.1.9"
    source-map "^0.5.6"
    supports-color "^3.2.3"

postcss@^8.1.10, postcss@^8.4.13:
  version "8.4.13"
  resolved "https://repo.huaweicloud.com/repository/npm/postcss/-/postcss-8.4.13.tgz"
  integrity sha512-jtL6eTBrza5MPzy8oJLFuUscHDXTV5KcLlqAWHl5q5WYRfnNRGSmOZmOZ1T6Gy7A99mOZfqungmZMpMmCVJ8ZA==
  dependencies:
    nanoid "^3.3.3"
    picocolors "^1.0.0"
    source-map-js "^1.0.2"

readdirp@~3.6.0:
  version "3.6.0"
  resolved "https://repo.huaweicloud.com/repository/npm/readdirp/-/readdirp-3.6.0.tgz#74a370bd857116e245b29cc97340cd431a02a6c7"
  integrity sha512-hOS089on8RduqdbhvQ5Z37A0ESjsqz6qnRcffsMU3495FuTdqSm+7bhJ29JvIOsBDEEnan5DPu9t3To9VRlMzA==
  dependencies:
    picomatch "^2.2.1"

resolve@^1.22.0:
  version "1.22.0"
  resolved "https://repo.huaweicloud.com/repository/npm/resolve/-/resolve-1.22.0.tgz"
  integrity sha512-Hhtrw0nLeSrFQ7phPp4OOcVjLPIeMnRlr5mcnVuMe7M/7eBn98A3hmFRLoFo3DLZkivSYwhRUJTyPyWAk56WLw==
  dependencies:
    is-core-module "^2.8.1"
    path-parse "^1.0.7"
    supports-preserve-symlinks-flag "^1.0.0"

rollup@^2.59.0:
  version "2.72.0"
  resolved "https://repo.huaweicloud.com/repository/npm/rollup/-/rollup-2.72.0.tgz"
  integrity sha512-KqtR2YcO35/KKijg4nx4STO3569aqCUeGRkKWnJ6r+AvBBrVY9L4pmf4NHVrQr4mTOq6msbohflxr2kpihhaOA==
  optionalDependencies:
    fsevents "~2.3.2"

sass@^1.51.0:
  version "1.51.0"
  resolved "https://repo.huaweicloud.com/repository/npm/sass/-/sass-1.51.0.tgz#25ea36cf819581fe1fe8329e8c3a4eaaf70d2845"
  integrity sha512-haGdpTgywJTvHC2b91GSq+clTKGbtkkZmVAb82jZQN/wTy6qs8DdFm2lhEQbEwrY0QDRgSQ3xDurqM977C3noA==
  dependencies:
    chokidar ">=3.0.0 <4.0.0"
    immutable "^4.0.0"
    source-map-js ">=0.6.2 <2.0.0"

"source-map-js@>=0.6.2 <2.0.0", source-map-js@^1.0.2:
  version "1.0.2"
  resolved "https://repo.huaweicloud.com/repository/npm/source-map-js/-/source-map-js-1.0.2.tgz"
  integrity sha512-R0XvVJ9WusLiqTCEiGCmICCMplcCkIwwR11mOSD9CR5u+IXYdiseeEuXCVAjS54zqwkLcPNnmU4OeJ6tUrWhDw==

source-map@^0.5.6:
  version "0.5.7"
  resolved "https://repo.huaweicloud.com/repository/npm/source-map/-/source-map-0.5.7.tgz#8a039d2d1021d22d1ea14c80d8ea468ba2ef3fcc"
  integrity sha1-igOdLRAh0i0eoUyA2OpGi6LvP8w=

source-map@^0.6.1:
  version "0.6.1"
  resolved "https://repo.huaweicloud.com/repository/npm/source-map/-/source-map-0.6.1.tgz"
  integrity sha512-UjgapumWlbMhkBgzT7Ykc5YXUT46F0iKu8SGXq0bcwP5dz/h0Plj6enJqjz1Zbq2l5WaqYnrVbwWOWMyF3F47g==

sourcemap-codec@^1.4.8:
  version "1.4.8"
  resolved "https://repo.huaweicloud.com/repository/npm/sourcemap-codec/-/sourcemap-codec-1.4.8.tgz"
  integrity sha512-9NykojV5Uih4lgo5So5dtw+f0JgJX30KCNI8gwhz2J9A15wD0Ml6tjHKwf6fTSa6fAdVBdZeNOs9eJ71qCk8vA==

strip-ansi@^3.0.0:
  version "3.0.1"
  resolved "https://repo.huaweicloud.com/repository/npm/strip-ansi/-/strip-ansi-3.0.1.tgz#6a385fb8853d952d5ff05d0e8aaf94278dc63dcf"
  integrity sha1-ajhfuIU9lS1f8F0Oiq+UJ43GPc8=
  dependencies:
    ansi-regex "^2.0.0"

supports-color@^2.0.0:
  version "2.0.0"
  resolved "https://repo.huaweicloud.com/repository/npm/supports-color/-/supports-color-2.0.0.tgz#535d045ce6b6363fa40117084629995e9df324c7"
  integrity sha1-U10EXOa2Nj+kARcIRimZXp3zJMc=

supports-color@^3.2.3:
  version "3.2.3"
  resolved "https://repo.huaweicloud.com/repository/npm/supports-color/-/supports-color-3.2.3.tgz#65ac0504b3954171d8a64946b2ae3cbb8a5f54f6"
  integrity sha1-ZawFBLOVQXHYpklGsq48u4pfVPY=
  dependencies:
    has-flag "^1.0.0"

supports-preserve-symlinks-flag@^1.0.0:
  version "1.0.0"
  resolved "https://repo.huaweicloud.com/repository/npm/supports-preserve-symlinks-flag/-/supports-preserve-symlinks-flag-1.0.0.tgz"
  integrity sha512-ot0WnXS9fgdkgIcePe6RHNk1WA8+muPa6cSjeR3V8K27q9BB1rTE3R1p7Hv0z1ZyAc8s6Vvv8DIyWf681MAt0w==

to-regex-range@^5.0.1:
  version "5.0.1"
  resolved "https://repo.huaweicloud.com/repository/npm/to-regex-range/-/to-regex-range-5.0.1.tgz#1648c44aae7c8d988a326018ed72f5b4dd0392e4"
  integrity sha512-65P7iz6X5yEr1cwcgvQxbbIw7Uk3gOy5dIdtZ4rDveLqhrdJP+Li/Hx6tyK0NEb+2GCyneCMJiGqrADCSNk8sQ==
  dependencies:
    is-number "^7.0.0"

typescript@^4.5.4:
  version "4.6.4"
  resolved "https://repo.huaweicloud.com/repository/npm/typescript/-/typescript-4.6.4.tgz"
  integrity sha512-9ia/jWHIEbo49HfjrLGfKbZSuWo9iTMwXO+Ca3pRsSpbsMbc7/IU8NKdCZVRRBafVPGnoJeFL76ZOAA84I9fEg==

vite@^2.9.7:
  version "2.9.8"
  resolved "https://repo.huaweicloud.com/repository/npm/vite/-/vite-2.9.8.tgz"
  integrity sha512-zsBGwn5UT3YS0NLSJ7hnR54+vUKfgzMUh/Z9CxF1YKEBVIe213+63jrFLmZphgGI5zXwQCSmqIdbPuE8NJywPw==
  dependencies:
    esbuild "^0.14.27"
    postcss "^8.4.13"
    resolve "^1.22.0"
    rollup "^2.59.0"
  optionalDependencies:
    fsevents "~2.3.2"

vue-demi@*:
  version "0.12.5"
  resolved "https://repo.huaweicloud.com/repository/npm/vue-demi/-/vue-demi-0.12.5.tgz#8eeed566a7d86eb090209a11723f887d28aeb2d1"
  integrity sha512-BREuTgTYlUr0zw0EZn3hnhC3I6gPWv+Kwh4MCih6QcAeaTlaIX0DwOVN0wHej7hSvDPecz4jygy/idsgKfW58Q==

vue-tsc@^0.34.7:
  version "0.34.11"
  resolved "https://repo.huaweicloud.com/repository/npm/vue-tsc/-/vue-tsc-0.34.11.tgz"
  integrity sha512-5NM4oR8U/c3mTlJ9aNXbXkAGT2bhq+FJpCgZDqOKPpCjW5QDx1BXPC+nrBXNMwg8TRL6pK4fl+x+hrK97Siq/Q==
  dependencies:
    "@volar/vue-typescript" "0.34.11"

vue@^3.2.25:
  version "3.2.33"
  resolved "https://repo.huaweicloud.com/repository/npm/vue/-/vue-3.2.33.tgz"
  integrity sha512-si1ExAlDUrLSIg/V7D/GgA4twJwfsfgG+t9w10z38HhL/HA07132pUQ2KuwAo8qbCyMJ9e6OqrmWrOCr+jW7ZQ==
  dependencies:
    "@vue/compiler-dom" "3.2.33"
    "@vue/compiler-sfc" "3.2.33"
    "@vue/runtime-dom" "3.2.33"
    "@vue/server-renderer" "3.2.33"
    "@vue/shared" "3.2.33"

yaml@^1.10.2:
  version "1.10.2"
  resolved "https://repo.huaweicloud.com/repository/npm/yaml/-/yaml-1.10.2.tgz#2301c5ffbf12b467de8da2333a459e29e7920e4b"
  integrity sha512-r3vXyErRCYJ7wg28yvBY5VSoAF8ZvlcW9/BwUzEtUsjvX/DKs24dIkuwjtuprwJJHsbyUbLApepYTR1BN4uHrg==
